{
  "nodes": {
    "home-manager": {
      "inputs": {
        "nixpkgs": [
          "nixpkgs"
        ]
      },
      "locked": {
        "lastModified": 1646559628,
        "narHash": "sha256-WDoqxH/IPTV8CkI15wwzvXYgXq9UPr8xd8WKziuaynw=",
        "owner": "nix-community",
        "repo": "home-manager",
        "rev": "afe96e7433c513bf82375d41473c57d1f66b4e68",
        "type": "github"
      },
      "original": {
        "owner": "nix-community",
        "repo": "home-manager",
        "type": "github"
      }
    },
    "mobile-nixos": {
      "flake": false,
      "locked": {
        "lastModified": 1640650371,
        "narHash": "sha256-dJPS507lpYPpQKKchx+B52rnOO0oXZ3fWu+nAG6EK2A=",
        "owner": "NixOS",
        "repo": "mobile-nixos",
        "rev": "8a105e177632f0fbc4ca28ee0195993baf0dcf9a",
        "type": "github"
      },
      "original": {
        "owner": "NixOS",
        "repo": "mobile-nixos",
        "rev": "8a105e177632f0fbc4ca28ee0195993baf0dcf9a",
        "type": "github"
      }
    },
    "mobile-nixpkgs": {
      "locked": {
        "lastModified": 1644636075,
        "narHash": "sha256-QDAAd5fdl+tgTAlEC9u9uriKADT3ExFl7WCooCSatHo=",
        "owner": "nixos",
        "repo": "nixpkgs",
        "rev": "1670125d5d3e0146d144d316804e3e6fd2f01d43",
        "type": "github"
      },
      "original": {
        "owner": "nixos",
        "repo": "nixpkgs",
        "rev": "1670125d5d3e0146d144d316804e3e6fd2f01d43",
        "type": "github"
      }
    },
    "nixpkgs": {
      "locked": {
        "lastModified": 1646254136,
        "narHash": "sha256-8nQx02tTzgYO21BP/dy5BCRopE8OwE8Drsw98j+Qoaw=",
        "owner": "nixos",
        "repo": "nixpkgs",
        "rev": "3e072546ea98db00c2364b81491b893673267827",
        "type": "github"
      },
      "original": {
        "owner": "nixos",
        "ref": "nixos-unstable",
        "repo": "nixpkgs",
        "type": "github"
      }
    },
    "pinned-nixpkgs": {
      "locked": {
        "lastModified": 1641135641,
        "narHash": "sha256-Vh7B9JTgsx9/0bH7YxLkj4DA/WraY3pnBH8Tc+490YM=",
        "owner": "nixos",
        "repo": "nixpkgs",
        "rev": "61d24cba72831201efcab419f19b947cf63a2d61",
        "type": "github"
      },
      "original": {
        "owner": "nixos",
        "repo": "nixpkgs",
        "rev": "61d24cba72831201efcab419f19b947cf63a2d61",
        "type": "github"
      }
    },
    "root": {
      "inputs": {
        "home-manager": "home-manager",
        "mobile-nixos": "mobile-nixos",
        "mobile-nixpkgs": "mobile-nixpkgs",
        "nixpkgs": "nixpkgs",
        "pinned-nixpkgs": "pinned-nixpkgs",
        "sops-nix": "sops-nix"
      }
    },
    "sops-nix": {
      "inputs": {
        "nixpkgs": [
          "nixpkgs"
        ]
      },
      "locked": {
        "lastModified": 1645891244,
        "narHash": "sha256-Pu3a97Zn0PpWi/prTyD9TulCmxyeVnlqofor+yScRD8=",
        "owner": "Mic92",
        "repo": "sops-nix",
        "rev": "afb0d686dced029ea720c466f693c12ebfd4107b",
        "type": "github"
      },
      "original": {
        "owner": "Mic92",
        "repo": "sops-nix",
        "type": "github"
      }
    }
  },
  "root": "root",
  "version": 7
}
